<Solution>
  <Folder Name="/src/">
    <Project Path="src/CashFlowRocket.API/CashFlowRocket.API.csproj" />
    <Project Path="src/CashFlowRocket.Application/CashFlowRocket.Application.csproj" />
    <Project Path="src/CashFlowRocket.Communication/CashFlowRocket.Communication.csproj" />
    <Project Path="src/CashFlowRocket.Domain/CashFlowRocket.Domain.csproj" />
    <Project Path="src/CashFlowRocket.Exception/CashFlowRocket.Exception.csproj" />
    <Project Path="src/CashFlowRocket.Infrastruture/CashFlowRocket.Infrastruture.csproj" />
  </Folder>
  <Folder Name="/tests/">
    <Project Path="tests/CommonTestUtilities/CommonTestUtilities.csproj" Id="03bbc192-81da-4278-9585-32f8d813abd4" />
    <Project Path="tests/Validators.tests/Validators.tests.csproj" Id="babe1f01-fcb1-4c57-903b-f0a82038d678" />
  </Folder>
</Solution>
